// !$*UTF8*$!
{
	archiveVersion = 1;
	classes = {
	};
	objectVersion = 46;
	objects = {

/* Begin PBXBuildFile section */
		0F04F76F1EE5FF70004FA84E /* RoundedOutlineButton.swift in Sources */ = {isa = PBXBuildFile; fileRef = 0F04F76E1EE5FF70004FA84E /* RoundedOutlineButton.swift */; };
		0F04F7731EE702E9004FA84E /* LocalAuthentication.framework in Frameworks */ = {isa = PBXBuildFile; fileRef = 0F04F7721EE702E9004FA84E /* LocalAuthentication.framework */; };
		0F04F7781EE74493004FA84E /* Item+CoreDataClass.swift in Sources */ = {isa = PBXBuildFile; fileRef = 0F04F7741EE74493004FA84E /* Item+CoreDataClass.swift */; };
		0F04F77A1EE74493004FA84E /* Image+CoreDataClass.swift in Sources */ = {isa = PBXBuildFile; fileRef = 0F04F7761EE74493004FA84E /* Image+CoreDataClass.swift */; };
		0F04F77F1EE75415004FA84E /* MenuViewController.swift in Sources */ = {isa = PBXBuildFile; fileRef = 0F04F77E1EE75415004FA84E /* MenuViewController.swift */; };
		0F04F7811EE75C82004FA84E /* MapViewController.swift in Sources */ = {isa = PBXBuildFile; fileRef = 0F04F7801EE75C82004FA84E /* MapViewController.swift */; };
		0F04F7831EE79F97004FA84E /* MaterialView.swift in Sources */ = {isa = PBXBuildFile; fileRef = 0F04F7821EE79F97004FA84E /* MaterialView.swift */; };
		0F04F7901EE864F7004FA84E /* DSC_0180.jpg in Resources */ = {isa = PBXBuildFile; fileRef = 0F04F78F1EE864F7004FA84E /* DSC_0180.jpg */; };
		0F04F79B1EE8677D004FA84E /* ItemCell.swift in Sources */ = {isa = PBXBuildFile; fileRef = 0F04F79A1EE8677D004FA84E /* ItemCell.swift */; };
		0F04F7A71EE8BC77004FA84E /* TravelBucket.png in Resources */ = {isa = PBXBuildFile; fileRef = 0F04F7A61EE8BC77004FA84E /* TravelBucket.png */; };
		0F04F7AB1EE8E448004FA84E /* ItemDetailsVCCompleted.swift in Sources */ = {isa = PBXBuildFile; fileRef = 0F04F7AA1EE8E448004FA84E /* ItemDetailsVCCompleted.swift */; };
		0F04F7B61EE9C09F004FA84E /* ItemDetailsVCNew.swift in Sources */ = {isa = PBXBuildFile; fileRef = 0F04F7B51EE9C09F004FA84E /* ItemDetailsVCNew.swift */; };
		0F04F7D11EE9DD1A004FA84E /* Contents.json in Resources */ = {isa = PBXBuildFile; fileRef = 0F04F7BA1EE9DD1A004FA84E /* Contents.json */; };
		0F04F7D21EE9DD1A004FA84E /* Icon-App-20x20@1x.png in Resources */ = {isa = PBXBuildFile; fileRef = 0F04F7BB1EE9DD1A004FA84E /* Icon-App-20x20@1x.png */; };
		0F04F7D31EE9DD1A004FA84E /* Icon-App-20x20@2x.png in Resources */ = {isa = PBXBuildFile; fileRef = 0F04F7BC1EE9DD1A004FA84E /* Icon-App-20x20@2x.png */; };
		0F04F7D41EE9DD1A004FA84E /* Icon-App-20x20@3x.png in Resources */ = {isa = PBXBuildFile; fileRef = 0F04F7BD1EE9DD1A004FA84E /* Icon-App-20x20@3x.png */; };
		0F04F7D51EE9DD1A004FA84E /* Icon-App-29x29@1x.png in Resources */ = {isa = PBXBuildFile; fileRef = 0F04F7BE1EE9DD1A004FA84E /* Icon-App-29x29@1x.png */; };
		0F04F7D61EE9DD1A004FA84E /* Icon-App-29x29@2x.png in Resources */ = {isa = PBXBuildFile; fileRef = 0F04F7BF1EE9DD1A004FA84E /* Icon-App-29x29@2x.png */; };
		0F04F7D71EE9DD1A004FA84E /* Icon-App-29x29@3x.png in Resources */ = {isa = PBXBuildFile; fileRef = 0F04F7C01EE9DD1A004FA84E /* Icon-App-29x29@3x.png */; };
		0F04F7D81EE9DD1A004FA84E /* Icon-App-40x40@1x.png in Resources */ = {isa = PBXBuildFile; fileRef = 0F04F7C11EE9DD1A004FA84E /* Icon-App-40x40@1x.png */; };
		0F04F7D91EE9DD1A004FA84E /* Icon-App-40x40@2x.png in Resources */ = {isa = PBXBuildFile; fileRef = 0F04F7C21EE9DD1A004FA84E /* Icon-App-40x40@2x.png */; };
		0F04F7DA1EE9DD1A004FA84E /* Icon-App-40x40@3x.png in Resources */ = {isa = PBXBuildFile; fileRef = 0F04F7C31EE9DD1A004FA84E /* Icon-App-40x40@3x.png */; };
		0F04F7DB1EE9DD1A004FA84E /* Icon-App-57x57@1x.png in Resources */ = {isa = PBXBuildFile; fileRef = 0F04F7C41EE9DD1A004FA84E /* Icon-App-57x57@1x.png */; };
		0F04F7DC1EE9DD1A004FA84E /* Icon-App-57x57@2x.png in Resources */ = {isa = PBXBuildFile; fileRef = 0F04F7C51EE9DD1A004FA84E /* Icon-App-57x57@2x.png */; };
		0F04F7DD1EE9DD1A004FA84E /* Icon-App-60x60@1x.png in Resources */ = {isa = PBXBuildFile; fileRef = 0F04F7C61EE9DD1A004FA84E /* Icon-App-60x60@1x.png */; };
		0F04F7DE1EE9DD1A004FA84E /* Icon-App-60x60@2x.png in Resources */ = {isa = PBXBuildFile; fileRef = 0F04F7C71EE9DD1A004FA84E /* Icon-App-60x60@2x.png */; };
		0F04F7DF1EE9DD1A004FA84E /* Icon-App-60x60@3x.png in Resources */ = {isa = PBXBuildFile; fileRef = 0F04F7C81EE9DD1A004FA84E /* Icon-App-60x60@3x.png */; };
		0F04F7E01EE9DD1A004FA84E /* Icon-App-72x72@1x.png in Resources */ = {isa = PBXBuildFile; fileRef = 0F04F7C91EE9DD1A004FA84E /* Icon-App-72x72@1x.png */; };
		0F04F7E11EE9DD1A004FA84E /* Icon-App-72x72@2x.png in Resources */ = {isa = PBXBuildFile; fileRef = 0F04F7CA1EE9DD1A004FA84E /* Icon-App-72x72@2x.png */; };
		0F04F7E21EE9DD1A004FA84E /* Icon-App-76x76@1x.png in Resources */ = {isa = PBXBuildFile; fileRef = 0F04F7CB1EE9DD1A004FA84E /* Icon-App-76x76@1x.png */; };
		0F04F7E31EE9DD1A004FA84E /* Icon-App-76x76@2x.png in Resources */ = {isa = PBXBuildFile; fileRef = 0F04F7CC1EE9DD1A004FA84E /* Icon-App-76x76@2x.png */; };
		0F04F7E41EE9DD1A004FA84E /* Icon-App-76x76@3x.png in Resources */ = {isa = PBXBuildFile; fileRef = 0F04F7CD1EE9DD1A004FA84E /* Icon-App-76x76@3x.png */; };
		0F04F7E51EE9DD1A004FA84E /* Icon-App-83.5x83.5@2x.png in Resources */ = {isa = PBXBuildFile; fileRef = 0F04F7CE1EE9DD1A004FA84E /* Icon-App-83.5x83.5@2x.png */; };
		0F04F7E61EE9DD1A004FA84E /* Icon-Small-50x50@1x.png in Resources */ = {isa = PBXBuildFile; fileRef = 0F04F7CF1EE9DD1A004FA84E /* Icon-Small-50x50@1x.png */; };
		0F04F7E71EE9DD1A004FA84E /* Icon-Small-50x50@2x.png in Resources */ = {isa = PBXBuildFile; fileRef = 0F04F7D01EE9DD1A004FA84E /* Icon-Small-50x50@2x.png */; };
		0F04F7F11EEB15F9004FA84E /* CoreLocation.framework in Frameworks */ = {isa = PBXBuildFile; fileRef = 0F04F7F01EEB15F9004FA84E /* CoreLocation.framework */; };
		0F04F7FB1EEDCB72004FA84E /* vincent-versluis-240048.jpg in Resources */ = {isa = PBXBuildFile; fileRef = 0F04F7FA1EEDCB72004FA84E /* vincent-versluis-240048.jpg */; };
		0F04F8031EEDCB81004FA84E /* kerrie-defelice-43120.jpg in Resources */ = {isa = PBXBuildFile; fileRef = 0F04F8021EEDCB81004FA84E /* kerrie-defelice-43120.jpg */; };
		0F04F8051EEDD098004FA84E /* ResizedMenuButtons.swift in Sources */ = {isa = PBXBuildFile; fileRef = 0F04F8041EEDD098004FA84E /* ResizedMenuButtons.swift */; };
		0F04F8071EEEE882004FA84E /* andrew-neel-133200.jpg in Resources */ = {isa = PBXBuildFile; fileRef = 0F04F8061EEEE882004FA84E /* andrew-neel-133200.jpg */; };
		0F04F8091EEEE889004FA84E /* dennis-kummer-171041.jpg in Resources */ = {isa = PBXBuildFile; fileRef = 0F04F8081EEEE889004FA84E /* dennis-kummer-171041.jpg */; };
		0F04F80B1EEEE891004FA84E /* himesh-kumar-behera-216019.jpg in Resources */ = {isa = PBXBuildFile; fileRef = 0F04F80A1EEEE891004FA84E /* himesh-kumar-behera-216019.jpg */; };
		0F04F80D1EEEE8AC004FA84E /* ruthie-163318.jpg in Resources */ = {isa = PBXBuildFile; fileRef = 0F04F80C1EEEE8AC004FA84E /* ruthie-163318.jpg */; };
		0F04F80F1EEEE8B6004FA84E /* stephen-monroe-85429.jpg in Resources */ = {isa = PBXBuildFile; fileRef = 0F04F80E1EEEE8B6004FA84E /* stephen-monroe-85429.jpg */; };
		0F04F8111EEEF5A5004FA84E /* ExpandedViewController.swift in Sources */ = {isa = PBXBuildFile; fileRef = 0F04F8101EEEF5A5004FA84E /* ExpandedViewController.swift */; };
		0F04F81D1EEFA17E004FA84E /* DSC_0856.jpg in Resources */ = {isa = PBXBuildFile; fileRef = 0F04F81C1EEFA17E004FA84E /* DSC_0856.jpg */; };
		0F04F81F1EEFA40D004FA84E /* jorge-gascon-23288.jpg in Resources */ = {isa = PBXBuildFile; fileRef = 0F04F81E1EEFA40D004FA84E /* jorge-gascon-23288.jpg */; };
		0F3B4E3C1EE1D0BF00BDC50A /* Constants.swift in Sources */ = {isa = PBXBuildFile; fileRef = 0F3B4E3B1EE1D0BF00BDC50A /* Constants.swift */; };
		0F3B4E441EE1E46D00BDC50A /* BucketListViewController.swift in Sources */ = {isa = PBXBuildFile; fileRef = 0F3B4E431EE1E46D00BDC50A /* BucketListViewController.swift */; };
		0F6B8D891EF0577D004AF681 /* Image+CoreDataProperties.swift in Sources */ = {isa = PBXBuildFile; fileRef = 0F6B8D871EF0577D004AF681 /* Image+CoreDataProperties.swift */; };
		0F6B8D8A1EF0577D004AF681 /* Item+CoreDataProperties.swift in Sources */ = {isa = PBXBuildFile; fileRef = 0F6B8D881EF0577D004AF681 /* Item+CoreDataProperties.swift */; };
		0F6B8D941EF19E22004AF681 /* photo.png in Resources */ = {isa = PBXBuildFile; fileRef = 0F6B8D931EF19E22004AF681 /* photo.png */; };
		0FCFBA5A1EE0802200498C77 /* AppDelegate.swift in Sources */ = {isa = PBXBuildFile; fileRef = 0FCFBA591EE0802200498C77 /* AppDelegate.swift */; };
		0FCFBA5C1EE0802200498C77 /* SignInViewController.swift in Sources */ = {isa = PBXBuildFile; fileRef = 0FCFBA5B1EE0802200498C77 /* SignInViewController.swift */; };
		0FCFBA5F1EE0802200498C77 /* Main.storyboard in Resources */ = {isa = PBXBuildFile; fileRef = 0FCFBA5D1EE0802200498C77 /* Main.storyboard */; };
		0FCFBA621EE0802200498C77 /* TravelBucket.xcdatamodeld in Sources */ = {isa = PBXBuildFile; fileRef = 0FCFBA601EE0802200498C77 /* TravelBucket.xcdatamodeld */; };
		0FCFBA641EE0802200498C77 /* Assets.xcassets in Resources */ = {isa = PBXBuildFile; fileRef = 0FCFBA631EE0802200498C77 /* Assets.xcassets */; };
		0FCFBA671EE0802200498C77 /* LaunchScreen.storyboard in Resources */ = {isa = PBXBuildFile; fileRef = 0FCFBA651EE0802200498C77 /* LaunchScreen.storyboard */; };
		0FCFBA6F1EE0818F00498C77 /* GoogleService-Info.plist in Resources */ = {isa = PBXBuildFile; fileRef = 0FCFBA6E1EE0818F00498C77 /* GoogleService-Info.plist */; };
		0FF09C2F1F148958002564B5 /* SunkenOutline.swift in Sources */ = {isa = PBXBuildFile; fileRef = 0FF09C2E1F148958002564B5 /* SunkenOutline.swift */; };
		1EA083CE8FD9342F2B121C27 /* Pods_TravelBucket.framework in Frameworks */ = {isa = PBXBuildFile; fileRef = 114DFC83C9434BF2F6F9873E /* Pods_TravelBucket.framework */; };
/* End PBXBuildFile section */

/* Begin PBXContainerItemProxy section */
		0F1EC1571EE0B117002098CE /* PBXContainerItemProxy */ = {
			isa = PBXContainerItemProxy;
			containerPortal = 0F1EC14D1EE0B117002098CE /* OAuthSwift.xcodeproj */;
			proxyType = 2;
			remoteGlobalIDString = F435027A1A6791B200038A29;
			remoteInfo = OAuthSwift;
		};
		0F1EC1591EE0B117002098CE /* PBXContainerItemProxy */ = {
			isa = PBXContainerItemProxy;
			containerPortal = 0F1EC14D1EE0B117002098CE /* OAuthSwift.xcodeproj */;
			proxyType = 2;
			remoteGlobalIDString = C48B28021AFA598D00C7DEF6;
			remoteInfo = OAuthSwiftOSX;
		};
		0F1EC15B1EE0B117002098CE /* PBXContainerItemProxy */ = {
			isa = PBXContainerItemProxy;
			containerPortal = 0F1EC14D1EE0B117002098CE /* OAuthSwift.xcodeproj */;
			proxyType = 2;
			remoteGlobalIDString = C4B6EE1E1BF74CE300443596;
			remoteInfo = OAuthSwiftTVOS;
		};
		0F1EC15D1EE0B117002098CE /* PBXContainerItemProxy */ = {
			isa = PBXContainerItemProxy;
			containerPortal = 0F1EC14D1EE0B117002098CE /* OAuthSwift.xcodeproj */;
			proxyType = 2;
			remoteGlobalIDString = C40890C01C11B37000E3146A;
			remoteInfo = OAuthSwiftWatchOS;
		};
		0F1EC15F1EE0B117002098CE /* PBXContainerItemProxy */ = {
			isa = PBXContainerItemProxy;
			containerPortal = 0F1EC14D1EE0B117002098CE /* OAuthSwift.xcodeproj */;
			proxyType = 2;
			remoteGlobalIDString = F451E3C5195B8CD80051434C;
			remoteInfo = OAuthSwiftDemo;
		};
		0F1EC1611EE0B117002098CE /* PBXContainerItemProxy */ = {
			isa = PBXContainerItemProxy;
			containerPortal = 0F1EC14D1EE0B117002098CE /* OAuthSwift.xcodeproj */;
			proxyType = 2;
			remoteGlobalIDString = C49FD5241AFB5DF500791E1A;
			remoteInfo = OAuthSwiftOSXDemo;
		};
		0F1EC1631EE0B117002098CE /* PBXContainerItemProxy */ = {
			isa = PBXContainerItemProxy;
			containerPortal = 0F1EC14D1EE0B117002098CE /* OAuthSwift.xcodeproj */;
			proxyType = 2;
			remoteGlobalIDString = C4D50DF71BFB693F0053B624;
			remoteInfo = OAuthSwiftTests;
		};
		0F1EC1651EE0B136002098CE /* PBXContainerItemProxy */ = {
			isa = PBXContainerItemProxy;
			containerPortal = 0F1EC14D1EE0B117002098CE /* OAuthSwift.xcodeproj */;
			proxyType = 1;
			remoteGlobalIDString = F43502791A6791B200038A29;
			remoteInfo = OAuthSwift;
		};
/* End PBXContainerItemProxy section */

/* Begin PBXFileReference section */
		0F04F76E1EE5FF70004FA84E /* RoundedOutlineButton.swift */ = {isa = PBXFileReference; fileEncoding = 4; lastKnownFileType = sourcecode.swift; path = RoundedOutlineButton.swift; sourceTree = "<group>"; };
		0F04F7721EE702E9004FA84E /* LocalAuthentication.framework */ = {isa = PBXFileReference; lastKnownFileType = wrapper.framework; name = LocalAuthentication.framework; path = System/Library/Frameworks/LocalAuthentication.framework; sourceTree = SDKROOT; };
		0F04F7741EE74493004FA84E /* Item+CoreDataClass.swift */ = {isa = PBXFileReference; fileEncoding = 4; lastKnownFileType = sourcecode.swift; path = "Item+CoreDataClass.swift"; sourceTree = "<group>"; };
		0F04F7761EE74493004FA84E /* Image+CoreDataClass.swift */ = {isa = PBXFileReference; fileEncoding = 4; lastKnownFileType = sourcecode.swift; path = "Image+CoreDataClass.swift"; sourceTree = "<group>"; };
		0F04F77E1EE75415004FA84E /* MenuViewController.swift */ = {isa = PBXFileReference; fileEncoding = 4; lastKnownFileType = sourcecode.swift; path = MenuViewController.swift; sourceTree = "<group>"; };
		0F04F7801EE75C82004FA84E /* MapViewController.swift */ = {isa = PBXFileReference; fileEncoding = 4; lastKnownFileType = sourcecode.swift; path = MapViewController.swift; sourceTree = "<group>"; };
		0F04F7821EE79F97004FA84E /* MaterialView.swift */ = {isa = PBXFileReference; fileEncoding = 4; lastKnownFileType = sourcecode.swift; path = MaterialView.swift; sourceTree = "<group>"; };
		0F04F78F1EE864F7004FA84E /* DSC_0180.jpg */ = {isa = PBXFileReference; lastKnownFileType = image.jpeg; path = DSC_0180.jpg; sourceTree = "<group>"; };
		0F04F79A1EE8677D004FA84E /* ItemCell.swift */ = {isa = PBXFileReference; fileEncoding = 4; lastKnownFileType = sourcecode.swift; path = ItemCell.swift; sourceTree = "<group>"; };
		0F04F7A61EE8BC77004FA84E /* TravelBucket.png */ = {isa = PBXFileReference; lastKnownFileType = image.png; path = TravelBucket.png; sourceTree = "<group>"; };
		0F04F7AA1EE8E448004FA84E /* ItemDetailsVCCompleted.swift */ = {isa = PBXFileReference; fileEncoding = 4; lastKnownFileType = sourcecode.swift; path = ItemDetailsVCCompleted.swift; sourceTree = "<group>"; };
		0F04F7B51EE9C09F004FA84E /* ItemDetailsVCNew.swift */ = {isa = PBXFileReference; fileEncoding = 4; lastKnownFileType = sourcecode.swift; path = ItemDetailsVCNew.swift; sourceTree = "<group>"; };
		0F04F7BA1EE9DD1A004FA84E /* Contents.json */ = {isa = PBXFileReference; fileEncoding = 4; lastKnownFileType = text.json; path = Contents.json; sourceTree = "<group>"; };
		0F04F7BB1EE9DD1A004FA84E /* Icon-App-20x20@1x.png */ = {isa = PBXFileReference; lastKnownFileType = image.png; path = "Icon-App-20x20@1x.png"; sourceTree = "<group>"; };
		0F04F7BC1EE9DD1A004FA84E /* Icon-App-20x20@2x.png */ = {isa = PBXFileReference; lastKnownFileType = image.png; path = "Icon-App-20x20@2x.png"; sourceTree = "<group>"; };
		0F04F7BD1EE9DD1A004FA84E /* Icon-App-20x20@3x.png */ = {isa = PBXFileReference; lastKnownFileType = image.png; path = "Icon-App-20x20@3x.png"; sourceTree = "<group>"; };
		0F04F7BE1EE9DD1A004FA84E /* Icon-App-29x29@1x.png */ = {isa = PBXFileReference; lastKnownFileType = image.png; path = "Icon-App-29x29@1x.png"; sourceTree = "<group>"; };
		0F04F7BF1EE9DD1A004FA84E /* Icon-App-29x29@2x.png */ = {isa = PBXFileReference; lastKnownFileType = image.png; path = "Icon-App-29x29@2x.png"; sourceTree = "<group>"; };
		0F04F7C01EE9DD1A004FA84E /* Icon-App-29x29@3x.png */ = {isa = PBXFileReference; lastKnownFileType = image.png; path = "Icon-App-29x29@3x.png"; sourceTree = "<group>"; };
		0F04F7C11EE9DD1A004FA84E /* Icon-App-40x40@1x.png */ = {isa = PBXFileReference; lastKnownFileType = image.png; path = "Icon-App-40x40@1x.png"; sourceTree = "<group>"; };
		0F04F7C21EE9DD1A004FA84E /* Icon-App-40x40@2x.png */ = {isa = PBXFileReference; lastKnownFileType = image.png; path = "Icon-App-40x40@2x.png"; sourceTree = "<group>"; };
		0F04F7C31EE9DD1A004FA84E /* Icon-App-40x40@3x.png */ = {isa = PBXFileReference; lastKnownFileType = image.png; path = "Icon-App-40x40@3x.png"; sourceTree = "<group>"; };
		0F04F7C41EE9DD1A004FA84E /* Icon-App-57x57@1x.png */ = {isa = PBXFileReference; lastKnownFileType = image.png; path = "Icon-App-57x57@1x.png"; sourceTree = "<group>"; };
		0F04F7C51EE9DD1A004FA84E /* Icon-App-57x57@2x.png */ = {isa = PBXFileReference; lastKnownFileType = image.png; path = "Icon-App-57x57@2x.png"; sourceTree = "<group>"; };
		0F04F7C61EE9DD1A004FA84E /* Icon-App-60x60@1x.png */ = {isa = PBXFileReference; lastKnownFileType = image.png; path = "Icon-App-60x60@1x.png"; sourceTree = "<group>"; };
		0F04F7C71EE9DD1A004FA84E /* Icon-App-60x60@2x.png */ = {isa = PBXFileReference; lastKnownFileType = image.png; path = "Icon-App-60x60@2x.png"; sourceTree = "<group>"; };
		0F04F7C81EE9DD1A004FA84E /* Icon-App-60x60@3x.png */ = {isa = PBXFileReference; lastKnownFileType = image.png; path = "Icon-App-60x60@3x.png"; sourceTree = "<group>"; };
		0F04F7C91EE9DD1A004FA84E /* Icon-App-72x72@1x.png */ = {isa = PBXFileReference; lastKnownFileType = image.png; path = "Icon-App-72x72@1x.png"; sourceTree = "<group>"; };
		0F04F7CA1EE9DD1A004FA84E /* Icon-App-72x72@2x.png */ = {isa = PBXFileReference; lastKnownFileType = image.png; path = "Icon-App-72x72@2x.png"; sourceTree = "<group>"; };
		0F04F7CB1EE9DD1A004FA84E /* Icon-App-76x76@1x.png */ = {isa = PBXFileReference; lastKnownFileType = image.png; path = "Icon-App-76x76@1x.png"; sourceTree = "<group>"; };
		0F04F7CC1EE9DD1A004FA84E /* Icon-App-76x76@2x.png */ = {isa = PBXFileReference; lastKnownFileType = image.png; path = "Icon-App-76x76@2x.png"; sourceTree = "<group>"; };
		0F04F7CD1EE9DD1A004FA84E /* Icon-App-76x76@3x.png */ = {isa = PBXFileReference; lastKnownFileType = image.png; path = "Icon-App-76x76@3x.png"; sourceTree = "<group>"; };
		0F04F7CE1EE9DD1A004FA84E /* Icon-App-83.5x83.5@2x.png */ = {isa = PBXFileReference; lastKnownFileType = image.png; path = "Icon-App-83.5x83.5@2x.png"; sourceTree = "<group>"; };
		0F04F7CF1EE9DD1A004FA84E /* Icon-Small-50x50@1x.png */ = {isa = PBXFileReference; lastKnownFileType = image.png; path = "Icon-Small-50x50@1x.png"; sourceTree = "<group>"; };
		0F04F7D01EE9DD1A004FA84E /* Icon-Small-50x50@2x.png */ = {isa = PBXFileReference; lastKnownFileType = image.png; path = "Icon-Small-50x50@2x.png"; sourceTree = "<group>"; };
		0F04F7F01EEB15F9004FA84E /* CoreLocation.framework */ = {isa = PBXFileReference; lastKnownFileType = wrapper.framework; name = CoreLocation.framework; path = System/Library/Frameworks/CoreLocation.framework; sourceTree = SDKROOT; };
		0F04F7FA1EEDCB72004FA84E /* vincent-versluis-240048.jpg */ = {isa = PBXFileReference; lastKnownFileType = image.jpeg; name = "vincent-versluis-240048.jpg"; path = "../../../Downloads/vincent-versluis-240048.jpg"; sourceTree = "<group>"; };
		0F04F8021EEDCB81004FA84E /* kerrie-defelice-43120.jpg */ = {isa = PBXFileReference; lastKnownFileType = image.jpeg; name = "kerrie-defelice-43120.jpg"; path = "../../../Downloads/kerrie-defelice-43120.jpg"; sourceTree = "<group>"; };
		0F04F8041EEDD098004FA84E /* ResizedMenuButtons.swift */ = {isa = PBXFileReference; fileEncoding = 4; lastKnownFileType = sourcecode.swift; path = ResizedMenuButtons.swift; sourceTree = "<group>"; };
		0F04F8061EEEE882004FA84E /* andrew-neel-133200.jpg */ = {isa = PBXFileReference; lastKnownFileType = image.jpeg; name = "andrew-neel-133200.jpg"; path = "../../../Downloads/andrew-neel-133200.jpg"; sourceTree = "<group>"; };
		0F04F8081EEEE889004FA84E /* dennis-kummer-171041.jpg */ = {isa = PBXFileReference; lastKnownFileType = image.jpeg; name = "dennis-kummer-171041.jpg"; path = "../../../Downloads/dennis-kummer-171041.jpg"; sourceTree = "<group>"; };
		0F04F80A1EEEE891004FA84E /* himesh-kumar-behera-216019.jpg */ = {isa = PBXFileReference; lastKnownFileType = image.jpeg; name = "himesh-kumar-behera-216019.jpg"; path = "../../../Downloads/himesh-kumar-behera-216019.jpg"; sourceTree = "<group>"; };
		0F04F80C1EEEE8AC004FA84E /* ruthie-163318.jpg */ = {isa = PBXFileReference; lastKnownFileType = image.jpeg; name = "ruthie-163318.jpg"; path = "../../../Downloads/ruthie-163318.jpg"; sourceTree = "<group>"; };
		0F04F80E1EEEE8B6004FA84E /* stephen-monroe-85429.jpg */ = {isa = PBXFileReference; lastKnownFileType = image.jpeg; name = "stephen-monroe-85429.jpg"; path = "../../../Downloads/stephen-monroe-85429.jpg"; sourceTree = "<group>"; };
		0F04F8101EEEF5A5004FA84E /* ExpandedViewController.swift */ = {isa = PBXFileReference; fileEncoding = 4; lastKnownFileType = sourcecode.swift; path = ExpandedViewController.swift; sourceTree = "<group>"; };
		0F04F81C1EEFA17E004FA84E /* DSC_0856.jpg */ = {isa = PBXFileReference; lastKnownFileType = image.jpeg; name = DSC_0856.jpg; path = "../../../Pictures/Pictures/China 2015 Edited/Shanghai Edited/Shanghai Edited/DSC_0856.jpg"; sourceTree = "<group>"; };
		0F04F81E1EEFA40D004FA84E /* jorge-gascon-23288.jpg */ = {isa = PBXFileReference; lastKnownFileType = image.jpeg; name = "jorge-gascon-23288.jpg"; path = "../../../Downloads/jorge-gascon-23288.jpg"; sourceTree = "<group>"; };
		0F1EC14D1EE0B117002098CE /* OAuthSwift.xcodeproj */ = {isa = PBXFileReference; lastKnownFileType = "wrapper.pb-project"; name = OAuthSwift.xcodeproj; path = "../../Downloads/OAuthSwift-master/OAuthSwift.xcodeproj"; sourceTree = SOURCE_ROOT; };
		0F3B4E3B1EE1D0BF00BDC50A /* Constants.swift */ = {isa = PBXFileReference; fileEncoding = 4; lastKnownFileType = sourcecode.swift; path = Constants.swift; sourceTree = "<group>"; };
		0F3B4E431EE1E46D00BDC50A /* BucketListViewController.swift */ = {isa = PBXFileReference; fileEncoding = 4; lastKnownFileType = sourcecode.swift; path = BucketListViewController.swift; sourceTree = "<group>"; };
		0F6B8D871EF0577D004AF681 /* Image+CoreDataProperties.swift */ = {isa = PBXFileReference; fileEncoding = 4; lastKnownFileType = sourcecode.swift; path = "Image+CoreDataProperties.swift"; sourceTree = "<group>"; };
		0F6B8D881EF0577D004AF681 /* Item+CoreDataProperties.swift */ = {isa = PBXFileReference; fileEncoding = 4; lastKnownFileType = sourcecode.swift; path = "Item+CoreDataProperties.swift"; sourceTree = "<group>"; };
		0F6B8D931EF19E22004AF681 /* photo.png */ = {isa = PBXFileReference; lastKnownFileType = image.png; name = photo.png; path = "../../../Pictures/TravelBucket Images/photo.png"; sourceTree = "<group>"; };
		0FCFBA561EE0802200498C77 /* TravelBucket.app */ = {isa = PBXFileReference; explicitFileType = wrapper.application; includeInIndex = 0; path = TravelBucket.app; sourceTree = BUILT_PRODUCTS_DIR; };
		0FCFBA591EE0802200498C77 /* AppDelegate.swift */ = {isa = PBXFileReference; lastKnownFileType = sourcecode.swift; path = AppDelegate.swift; sourceTree = "<group>"; };
		0FCFBA5B1EE0802200498C77 /* SignInViewController.swift */ = {isa = PBXFileReference; lastKnownFileType = sourcecode.swift; path = SignInViewController.swift; sourceTree = "<group>"; };
		0FCFBA5E1EE0802200498C77 /* Base */ = {isa = PBXFileReference; lastKnownFileType = file.storyboard; name = Base; path = Base.lproj/Main.storyboard; sourceTree = "<group>"; };
		0FCFBA611EE0802200498C77 /* TravelBucket.xcdatamodel */ = {isa = PBXFileReference; lastKnownFileType = wrapper.xcdatamodel; path = TravelBucket.xcdatamodel; sourceTree = "<group>"; };
		0FCFBA631EE0802200498C77 /* Assets.xcassets */ = {isa = PBXFileReference; lastKnownFileType = folder.assetcatalog; path = Assets.xcassets; sourceTree = "<group>"; };
		0FCFBA661EE0802200498C77 /* Base */ = {isa = PBXFileReference; lastKnownFileType = file.storyboard; name = Base; path = Base.lproj/LaunchScreen.storyboard; sourceTree = "<group>"; };
		0FCFBA681EE0802200498C77 /* Info.plist */ = {isa = PBXFileReference; lastKnownFileType = text.plist.xml; path = Info.plist; sourceTree = "<group>"; };
		0FCFBA6E1EE0818F00498C77 /* GoogleService-Info.plist */ = {isa = PBXFileReference; fileEncoding = 4; lastKnownFileType = text.plist.xml; path = "GoogleService-Info.plist"; sourceTree = "<group>"; };
		0FF09C2E1F148958002564B5 /* SunkenOutline.swift */ = {isa = PBXFileReference; fileEncoding = 4; lastKnownFileType = sourcecode.swift; path = SunkenOutline.swift; sourceTree = "<group>"; };
		114DFC83C9434BF2F6F9873E /* Pods_TravelBucket.framework */ = {isa = PBXFileReference; explicitFileType = wrapper.framework; includeInIndex = 0; path = Pods_TravelBucket.framework; sourceTree = BUILT_PRODUCTS_DIR; };
		D86D9A1A97ED038C9DD7EEF7 /* Pods-TravelBucket.release.xcconfig */ = {isa = PBXFileReference; includeInIndex = 1; lastKnownFileType = text.xcconfig; name = "Pods-TravelBucket.release.xcconfig"; path = "Pods/Target Support Files/Pods-TravelBucket/Pods-TravelBucket.release.xcconfig"; sourceTree = "<group>"; };
		DE38D099C946E3A2FBBDEBB0 /* Pods-TravelBucket.debug.xcconfig */ = {isa = PBXFileReference; includeInIndex = 1; lastKnownFileType = text.xcconfig; name = "Pods-TravelBucket.debug.xcconfig"; path = "Pods/Target Support Files/Pods-TravelBucket/Pods-TravelBucket.debug.xcconfig"; sourceTree = "<group>"; };
/* End PBXFileReference section */

/* Begin PBXFrameworksBuildPhase section */
		0FCFBA531EE0802200498C77 /* Frameworks */ = {
			isa = PBXFrameworksBuildPhase;
			buildActionMask = 2147483647;
			files = (
				0F04F7F11EEB15F9004FA84E /* CoreLocation.framework in Frameworks */,
				0F04F7731EE702E9004FA84E /* LocalAuthentication.framework in Frameworks */,
				1EA083CE8FD9342F2B121C27 /* Pods_TravelBucket.framework in Frameworks */,
			);
			runOnlyForDeploymentPostprocessing = 0;
		};
/* End PBXFrameworksBuildPhase section */

/* Begin PBXGroup section */
		0F04F7651EE5FD4C004FA84E /* Model */ = {
			isa = PBXGroup;
			children = (
				0F04F7741EE74493004FA84E /* Item+CoreDataClass.swift */,
				0F04F7761EE74493004FA84E /* Image+CoreDataClass.swift */,
				0F04F77D1EE744E9004FA84E /* Generated */,
			);
			name = Model;
			sourceTree = "<group>";
		};
		0F04F76C1EE5FD56004FA84E /* Controller */ = {
			isa = PBXGroup;
			children = (
				0FCFBA5B1EE0802200498C77 /* SignInViewController.swift */,
				0F04F77E1EE75415004FA84E /* MenuViewController.swift */,
				0F3B4E431EE1E46D00BDC50A /* BucketListViewController.swift */,
				0F04F8101EEEF5A5004FA84E /* ExpandedViewController.swift */,
				0F04F7B51EE9C09F004FA84E /* ItemDetailsVCNew.swift */,
				0F04F7AA1EE8E448004FA84E /* ItemDetailsVCCompleted.swift */,
				0F04F7801EE75C82004FA84E /* MapViewController.swift */,
			);
			name = Controller;
			sourceTree = "<group>";
		};
		0F04F76D1EE5FD60004FA84E /* View */ = {
			isa = PBXGroup;
			children = (
				0F04F76E1EE5FF70004FA84E /* RoundedOutlineButton.swift */,
				0FF09C2E1F148958002564B5 /* SunkenOutline.swift */,
				0F04F7821EE79F97004FA84E /* MaterialView.swift */,
				0F04F79A1EE8677D004FA84E /* ItemCell.swift */,
				0F04F8041EEDD098004FA84E /* ResizedMenuButtons.swift */,
			);
			name = View;
			sourceTree = "<group>";
		};
		0F04F77D1EE744E9004FA84E /* Generated */ = {
			isa = PBXGroup;
			children = (
				0F6B8D871EF0577D004AF681 /* Image+CoreDataProperties.swift */,
				0F6B8D881EF0577D004AF681 /* Item+CoreDataProperties.swift */,
			);
			name = Generated;
			sourceTree = "<group>";
		};
		0F04F7861EE85DDA004FA84E /* Media */ = {
			isa = PBXGroup;
			children = (
				0F04F81C1EEFA17E004FA84E /* DSC_0856.jpg */,
				0F6B8D931EF19E22004AF681 /* photo.png */,
				0F04F81E1EEFA40D004FA84E /* jorge-gascon-23288.jpg */,
				0F04F8061EEEE882004FA84E /* andrew-neel-133200.jpg */,
				0F04F8021EEDCB81004FA84E /* kerrie-defelice-43120.jpg */,
				0F04F8081EEEE889004FA84E /* dennis-kummer-171041.jpg */,
				0F04F80A1EEEE891004FA84E /* himesh-kumar-behera-216019.jpg */,
				0F04F80E1EEEE8B6004FA84E /* stephen-monroe-85429.jpg */,
				0F04F80C1EEEE8AC004FA84E /* ruthie-163318.jpg */,
				0F04F7FA1EEDCB72004FA84E /* vincent-versluis-240048.jpg */,
				0F04F78F1EE864F7004FA84E /* DSC_0180.jpg */,
				0F04F7A61EE8BC77004FA84E /* TravelBucket.png */,
			);
			name = Media;
			sourceTree = "<group>";
		};
		0F04F7B91EE9DD1A004FA84E /* AppIcon.appiconset */ = {
			isa = PBXGroup;
			children = (
				0F04F7BA1EE9DD1A004FA84E /* Contents.json */,
				0F04F7BC1EE9DD1A004FA84E /* Icon-App-20x20@2x.png */,
				0F04F7BB1EE9DD1A004FA84E /* Icon-App-20x20@1x.png */,
				0F04F7BD1EE9DD1A004FA84E /* Icon-App-20x20@3x.png */,
				0F04F7BE1EE9DD1A004FA84E /* Icon-App-29x29@1x.png */,
				0F04F7BF1EE9DD1A004FA84E /* Icon-App-29x29@2x.png */,
				0F04F7C01EE9DD1A004FA84E /* Icon-App-29x29@3x.png */,
				0F04F7C11EE9DD1A004FA84E /* Icon-App-40x40@1x.png */,
				0F04F7C21EE9DD1A004FA84E /* Icon-App-40x40@2x.png */,
				0F04F7C31EE9DD1A004FA84E /* Icon-App-40x40@3x.png */,
				0F04F7C41EE9DD1A004FA84E /* Icon-App-57x57@1x.png */,
				0F04F7C51EE9DD1A004FA84E /* Icon-App-57x57@2x.png */,
				0F04F7C61EE9DD1A004FA84E /* Icon-App-60x60@1x.png */,
				0F04F7C71EE9DD1A004FA84E /* Icon-App-60x60@2x.png */,
				0F04F7C81EE9DD1A004FA84E /* Icon-App-60x60@3x.png */,
				0F04F7C91EE9DD1A004FA84E /* Icon-App-72x72@1x.png */,
				0F04F7CA1EE9DD1A004FA84E /* Icon-App-72x72@2x.png */,
				0F04F7CB1EE9DD1A004FA84E /* Icon-App-76x76@1x.png */,
				0F04F7CC1EE9DD1A004FA84E /* Icon-App-76x76@2x.png */,
				0F04F7CD1EE9DD1A004FA84E /* Icon-App-76x76@3x.png */,
				0F04F7CE1EE9DD1A004FA84E /* Icon-App-83.5x83.5@2x.png */,
				0F04F7CF1EE9DD1A004FA84E /* Icon-Small-50x50@1x.png */,
				0F04F7D01EE9DD1A004FA84E /* Icon-Small-50x50@2x.png */,
			);
			path = AppIcon.appiconset;
			sourceTree = "<group>";
		};
		0F1EC14E1EE0B117002098CE /* Products */ = {
			isa = PBXGroup;
			children = (
				0F1EC1581EE0B117002098CE /* OAuthSwift.framework */,
				0F1EC15A1EE0B117002098CE /* OAuthSwift.framework */,
				0F1EC15C1EE0B117002098CE /* OAuthSwift.framework */,
				0F1EC15E1EE0B117002098CE /* OAuthSwift.framework */,
				0F1EC1601EE0B117002098CE /* OAuthSwiftDemo.app */,
				0F1EC1621EE0B117002098CE /* OAuthSwiftOSXDemo.app */,
				0F1EC1641EE0B117002098CE /* OAuthSwiftTests.xctest */,
			);
			name = Products;
			sourceTree = "<group>";
		};
		0FCFBA4D1EE0802200498C77 = {
			isa = PBXGroup;
			children = (
				0FCFBA581EE0802200498C77 /* TravelBucket */,
				0FCFBA571EE0802200498C77 /* Products */,
				3EE9A049416F3A40380AE284 /* Pods */,
				28B8C462632FD827227C6A22 /* Frameworks */,
			);
			sourceTree = "<group>";
		};
		0FCFBA571EE0802200498C77 /* Products */ = {
			isa = PBXGroup;
			children = (
				0FCFBA561EE0802200498C77 /* TravelBucket.app */,
			);
			name = Products;
			sourceTree = "<group>";
		};
		0FCFBA581EE0802200498C77 /* TravelBucket */ = {
			isa = PBXGroup;
			children = (
				0F04F7861EE85DDA004FA84E /* Media */,
				0F04F7651EE5FD4C004FA84E /* Model */,
				0F04F76D1EE5FD60004FA84E /* View */,
				0F04F76C1EE5FD56004FA84E /* Controller */,
				0F1EC14D1EE0B117002098CE /* OAuthSwift.xcodeproj */,
				0FCFBA591EE0802200498C77 /* AppDelegate.swift */,
				0FCFBA5D1EE0802200498C77 /* Main.storyboard */,
				0FCFBA631EE0802200498C77 /* Assets.xcassets */,
				0F04F7B91EE9DD1A004FA84E /* AppIcon.appiconset */,
				0FCFBA651EE0802200498C77 /* LaunchScreen.storyboard */,
				0FCFBA681EE0802200498C77 /* Info.plist */,
				0FCFBA601EE0802200498C77 /* TravelBucket.xcdatamodeld */,
				0FCFBA6E1EE0818F00498C77 /* GoogleService-Info.plist */,
				0F3B4E3B1EE1D0BF00BDC50A /* Constants.swift */,
			);
			path = TravelBucket;
			sourceTree = "<group>";
		};
		28B8C462632FD827227C6A22 /* Frameworks */ = {
			isa = PBXGroup;
			children = (
				0F04F7F01EEB15F9004FA84E /* CoreLocation.framework */,
				0F04F7721EE702E9004FA84E /* LocalAuthentication.framework */,
				114DFC83C9434BF2F6F9873E /* Pods_TravelBucket.framework */,
			);
			name = Frameworks;
			sourceTree = "<group>";
		};
		3EE9A049416F3A40380AE284 /* Pods */ = {
			isa = PBXGroup;
			children = (
				DE38D099C946E3A2FBBDEBB0 /* Pods-TravelBucket.debug.xcconfig */,
				D86D9A1A97ED038C9DD7EEF7 /* Pods-TravelBucket.release.xcconfig */,
			);
			name = Pods;
			sourceTree = "<group>";
		};
/* End PBXGroup section */

/* Begin PBXNativeTarget section */
		0FCFBA551EE0802200498C77 /* TravelBucket */ = {
			isa = PBXNativeTarget;
			buildConfigurationList = 0FCFBA6B1EE0802200498C77 /* Build configuration list for PBXNativeTarget "TravelBucket" */;
			buildPhases = (
				5860DD8EC2534F7889711AFF /* [CP] Check Pods Manifest.lock */,
				0FCFBA521EE0802200498C77 /* Sources */,
				0FCFBA531EE0802200498C77 /* Frameworks */,
				0FCFBA541EE0802200498C77 /* Resources */,
				661CC650E078C66B948F6E05 /* [CP] Embed Pods Frameworks */,
				4BA66C9A0D0C332F09631106 /* [CP] Copy Pods Resources */,
			);
			buildRules = (
			);
			dependencies = (
				0F1EC1661EE0B136002098CE /* PBXTargetDependency */,
			);
			name = TravelBucket;
			productName = TravelBucket;
			productReference = 0FCFBA561EE0802200498C77 /* TravelBucket.app */;
			productType = "com.apple.product-type.application";
		};
/* End PBXNativeTarget section */

/* Begin PBXProject section */
		0FCFBA4E1EE0802200498C77 /* Project object */ = {
			isa = PBXProject;
			attributes = {
				LastSwiftUpdateCheck = 0830;
				LastUpgradeCheck = 0830;
				ORGANIZATIONNAME = "Ryan Phillips";
				TargetAttributes = {
					0FCFBA551EE0802200498C77 = {
						CreatedOnToolsVersion = 8.3.2;
						DevelopmentTeam = XG932QPWS7;
						ProvisioningStyle = Automatic;
					};
				};
			};
			buildConfigurationList = 0FCFBA511EE0802200498C77 /* Build configuration list for PBXProject "TravelBucket" */;
			compatibilityVersion = "Xcode 3.2";
			developmentRegion = English;
			hasScannedForEncodings = 0;
			knownRegions = (
				en,
				Base,
			);
			mainGroup = 0FCFBA4D1EE0802200498C77;
			productRefGroup = 0FCFBA571EE0802200498C77 /* Products */;
			projectDirPath = "";
			projectReferences = (
				{
					ProductGroup = 0F1EC14E1EE0B117002098CE /* Products */;
					ProjectRef = 0F1EC14D1EE0B117002098CE /* OAuthSwift.xcodeproj */;
				},
			);
			projectRoot = "";
			targets = (
				0FCFBA551EE0802200498C77 /* TravelBucket */,
			);
		};
/* End PBXProject section */

/* Begin PBXReferenceProxy section */
		0F1EC1581EE0B117002098CE /* OAuthSwift.framework */ = {
			isa = PBXReferenceProxy;
			fileType = wrapper.framework;
			path = OAuthSwift.framework;
			remoteRef = 0F1EC1571EE0B117002098CE /* PBXContainerItemProxy */;
			sourceTree = BUILT_PRODUCTS_DIR;
		};
		0F1EC15A1EE0B117002098CE /* OAuthSwift.framework */ = {
			isa = PBXReferenceProxy;
			fileType = wrapper.framework;
			path = OAuthSwift.framework;
			remoteRef = 0F1EC1591EE0B117002098CE /* PBXContainerItemProxy */;
			sourceTree = BUILT_PRODUCTS_DIR;
		};
		0F1EC15C1EE0B117002098CE /* OAuthSwift.framework */ = {
			isa = PBXReferenceProxy;
			fileType = wrapper.framework;
			path = OAuthSwift.framework;
			remoteRef = 0F1EC15B1EE0B117002098CE /* PBXContainerItemProxy */;
			sourceTree = BUILT_PRODUCTS_DIR;
		};
		0F1EC15E1EE0B117002098CE /* OAuthSwift.framework */ = {
			isa = PBXReferenceProxy;
			fileType = wrapper.framework;
			path = OAuthSwift.framework;
			remoteRef = 0F1EC15D1EE0B117002098CE /* PBXContainerItemProxy */;
			sourceTree = BUILT_PRODUCTS_DIR;
		};
		0F1EC1601EE0B117002098CE /* OAuthSwiftDemo.app */ = {
			isa = PBXReferenceProxy;
			fileType = wrapper.application;
			path = OAuthSwiftDemo.app;
			remoteRef = 0F1EC15F1EE0B117002098CE /* PBXContainerItemProxy */;
			sourceTree = BUILT_PRODUCTS_DIR;
		};
		0F1EC1621EE0B117002098CE /* OAuthSwiftOSXDemo.app */ = {
			isa = PBXReferenceProxy;
			fileType = wrapper.application;
			path = OAuthSwiftOSXDemo.app;
			remoteRef = 0F1EC1611EE0B117002098CE /* PBXContainerItemProxy */;
			sourceTree = BUILT_PRODUCTS_DIR;
		};
		0F1EC1641EE0B117002098CE /* OAuthSwiftTests.xctest */ = {
			isa = PBXReferenceProxy;
			fileType = wrapper.cfbundle;
			path = OAuthSwiftTests.xctest;
			remoteRef = 0F1EC1631EE0B117002098CE /* PBXContainerItemProxy */;
			sourceTree = BUILT_PRODUCTS_DIR;
		};
/* End PBXReferenceProxy section */

/* Begin PBXResourcesBuildPhase section */
		0FCFBA541EE0802200498C77 /* Resources */ = {
			isa = PBXResourcesBuildPhase;
			buildActionMask = 2147483647;
			files = (
				0F04F7D91EE9DD1A004FA84E /* Icon-App-40x40@2x.png in Resources */,
				0FCFBA6F1EE0818F00498C77 /* GoogleService-Info.plist in Resources */,
				0F6B8D941EF19E22004AF681 /* photo.png in Resources */,
				0F04F7DC1EE9DD1A004FA84E /* Icon-App-57x57@2x.png in Resources */,
				0F04F7D21EE9DD1A004FA84E /* Icon-App-20x20@1x.png in Resources */,
				0F04F7A71EE8BC77004FA84E /* TravelBucket.png in Resources */,
				0F04F7D41EE9DD1A004FA84E /* Icon-App-20x20@3x.png in Resources */,
				0F04F7DE1EE9DD1A004FA84E /* Icon-App-60x60@2x.png in Resources */,
				0F04F7E11EE9DD1A004FA84E /* Icon-App-72x72@2x.png in Resources */,
				0FCFBA671EE0802200498C77 /* LaunchScreen.storyboard in Resources */,
				0F04F7E61EE9DD1A004FA84E /* Icon-Small-50x50@1x.png in Resources */,
				0F04F7901EE864F7004FA84E /* DSC_0180.jpg in Resources */,
				0F04F7E51EE9DD1A004FA84E /* Icon-App-83.5x83.5@2x.png in Resources */,
				0F04F7E01EE9DD1A004FA84E /* Icon-App-72x72@1x.png in Resources */,
				0F04F8071EEEE882004FA84E /* andrew-neel-133200.jpg in Resources */,
				0F04F80B1EEEE891004FA84E /* himesh-kumar-behera-216019.jpg in Resources */,
				0F04F7DD1EE9DD1A004FA84E /* Icon-App-60x60@1x.png in Resources */,
				0F04F7FB1EEDCB72004FA84E /* vincent-versluis-240048.jpg in Resources */,
				0F04F7E31EE9DD1A004FA84E /* Icon-App-76x76@2x.png in Resources */,
				0F04F7DA1EE9DD1A004FA84E /* Icon-App-40x40@3x.png in Resources */,
				0F04F8091EEEE889004FA84E /* dennis-kummer-171041.jpg in Resources */,
				0F04F7D51EE9DD1A004FA84E /* Icon-App-29x29@1x.png in Resources */,
				0F04F80D1EEEE8AC004FA84E /* ruthie-163318.jpg in Resources */,
				0F04F7E41EE9DD1A004FA84E /* Icon-App-76x76@3x.png in Resources */,
				0F04F7D31EE9DD1A004FA84E /* Icon-App-20x20@2x.png in Resources */,
				0F04F7D61EE9DD1A004FA84E /* Icon-App-29x29@2x.png in Resources */,
				0F04F7D81EE9DD1A004FA84E /* Icon-App-40x40@1x.png in Resources */,
				0F04F7DB1EE9DD1A004FA84E /* Icon-App-57x57@1x.png in Resources */,
				0FCFBA641EE0802200498C77 /* Assets.xcassets in Resources */,
				0F04F7E71EE9DD1A004FA84E /* Icon-Small-50x50@2x.png in Resources */,
				0F04F8031EEDCB81004FA84E /* kerrie-defelice-43120.jpg in Resources */,
				0F04F81D1EEFA17E004FA84E /* DSC_0856.jpg in Resources */,
				0FCFBA5F1EE0802200498C77 /* Main.storyboard in Resources */,
				0F04F7DF1EE9DD1A004FA84E /* Icon-App-60x60@3x.png in Resources */,
				0F04F80F1EEEE8B6004FA84E /* stephen-monroe-85429.jpg in Resources */,
				0F04F7D11EE9DD1A004FA84E /* Contents.json in Resources */,
				0F04F81F1EEFA40D004FA84E /* jorge-gascon-23288.jpg in Resources */,
				0F04F7D71EE9DD1A004FA84E /* Icon-App-29x29@3x.png in Resources */,
				0F04F7E21EE9DD1A004FA84E /* Icon-App-76x76@1x.png in Resources */,
			);
			runOnlyForDeploymentPostprocessing = 0;
		};
/* End PBXResourcesBuildPhase section */

/* Begin PBXShellScriptBuildPhase section */
		4BA66C9A0D0C332F09631106 /* [CP] Copy Pods Resources */ = {
			isa = PBXShellScriptBuildPhase;
			buildActionMask = 2147483647;
			files = (
			);
			inputPaths = (
			);
			name = "[CP] Copy Pods Resources";
			outputPaths = (
			);
			runOnlyForDeploymentPostprocessing = 0;
			shellPath = /bin/sh;
			shellScript = "\"${SRCROOT}/Pods/Target Support Files/Pods-TravelBucket/Pods-TravelBucket-resources.sh\"\n";
			showEnvVarsInLog = 0;
		};
		5860DD8EC2534F7889711AFF /* [CP] Check Pods Manifest.lock */ = {
			isa = PBXShellScriptBuildPhase;
			buildActionMask = 2147483647;
			files = (
			);
			inputPaths = (
			);
			name = "[CP] Check Pods Manifest.lock";
			outputPaths = (
			);
			runOnlyForDeploymentPostprocessing = 0;
			shellPath = /bin/sh;
			shellScript = "diff \"${PODS_PODFILE_DIR_PATH}/Podfile.lock\" \"${PODS_ROOT}/Manifest.lock\" > /dev/null\nif [ $? != 0 ] ; then\n    # print error to STDERR\n    echo \"error: The sandbox is not in sync with the Podfile.lock. Run 'pod install' or update your CocoaPods installation.\" >&2\n    exit 1\nfi\n";
			showEnvVarsInLog = 0;
		};
		661CC650E078C66B948F6E05 /* [CP] Embed Pods Frameworks */ = {
			isa = PBXShellScriptBuildPhase;
			buildActionMask = 2147483647;
			files = (
			);
			inputPaths = (
			);
			name = "[CP] Embed Pods Frameworks";
			outputPaths = (
			);
			runOnlyForDeploymentPostprocessing = 0;
			shellPath = /bin/sh;
			shellScript = "\"${SRCROOT}/Pods/Target Support Files/Pods-TravelBucket/Pods-TravelBucket-frameworks.sh\"\n";
			showEnvVarsInLog = 0;
		};
/* End PBXShellScriptBuildPhase section */

/* Begin PBXSourcesBuildPhase section */
		0FCFBA521EE0802200498C77 /* Sources */ = {
			isa = PBXSourcesBuildPhase;
			buildActionMask = 2147483647;
			files = (
				0FF09C2F1F148958002564B5 /* SunkenOutline.swift in Sources */,
				0F04F77A1EE74493004FA84E /* Image+CoreDataClass.swift in Sources */,
				0FCFBA5C1EE0802200498C77 /* SignInViewController.swift in Sources */,
				0F04F7831EE79F97004FA84E /* MaterialView.swift in Sources */,
				0F04F79B1EE8677D004FA84E /* ItemCell.swift in Sources */,
				0F04F7811EE75C82004FA84E /* MapViewController.swift in Sources */,
				0F04F77F1EE75415004FA84E /* MenuViewController.swift in Sources */,
				0F6B8D8A1EF0577D004AF681 /* Item+CoreDataProperties.swift in Sources */,
				0F04F76F1EE5FF70004FA84E /* RoundedOutlineButton.swift in Sources */,
				0F04F8051EEDD098004FA84E /* ResizedMenuButtons.swift in Sources */,
				0F04F8111EEEF5A5004FA84E /* ExpandedViewController.swift in Sources */,
				0F04F7B61EE9C09F004FA84E /* ItemDetailsVCNew.swift in Sources */,
				0F04F7AB1EE8E448004FA84E /* ItemDetailsVCCompleted.swift in Sources */,
				0F6B8D891EF0577D004AF681 /* Image+CoreDataProperties.swift in Sources */,
				0FCFBA621EE0802200498C77 /* TravelBucket.xcdatamodeld in Sources */,
				0FCFBA5A1EE0802200498C77 /* AppDelegate.swift in Sources */,
				0F3B4E441EE1E46D00BDC50A /* BucketListViewController.swift in Sources */,
				0F3B4E3C1EE1D0BF00BDC50A /* Constants.swift in Sources */,
				0F04F7781EE74493004FA84E /* Item+CoreDataClass.swift in Sources */,
			);
			runOnlyForDeploymentPostprocessing = 0;
		};
/* End PBXSourcesBuildPhase section */

/* Begin PBXTargetDependency section */
		0F1EC1661EE0B136002098CE /* PBXTargetDependency */ = {
			isa = PBXTargetDependency;
			name = OAuthSwift;
			targetProxy = 0F1EC1651EE0B136002098CE /* PBXContainerItemProxy */;
		};
/* End PBXTargetDependency section */

/* Begin PBXVariantGroup section */
		0FCFBA5D1EE0802200498C77 /* Main.storyboard */ = {
			isa = PBXVariantGroup;
			children = (
				0FCFBA5E1EE0802200498C77 /* Base */,
			);
			name = Main.storyboard;
			sourceTree = "<group>";
		};
		0FCFBA651EE0802200498C77 /* LaunchScreen.storyboard */ = {
			isa = PBXVariantGroup;
			children = (
				0FCFBA661EE0802200498C77 /* Base */,
			);
			name = LaunchScreen.storyboard;
			sourceTree = "<group>";
		};
/* End PBXVariantGroup section */

/* Begin XCBuildConfiguration section */
		0FCFBA691EE0802200498C77 /* Debug */ = {
			isa = XCBuildConfiguration;
			buildSettings = {
				ALWAYS_SEARCH_USER_PATHS = NO;
				CLANG_ANALYZER_NONNULL = YES;
				CLANG_ANALYZER_NUMBER_OBJECT_CONVERSION = YES_AGGRESSIVE;
				CLANG_CXX_LANGUAGE_STANDARD = "gnu++0x";
				CLANG_CXX_LIBRARY = "libc++";
				CLANG_ENABLE_MODULES = YES;
				CLANG_ENABLE_OBJC_ARC = YES;
				CLANG_WARN_BOOL_CONVERSION = YES;
				CLANG_WARN_CONSTANT_CONVERSION = YES;
				CLANG_WARN_DIRECT_OBJC_ISA_USAGE = YES_ERROR;
				CLANG_WARN_DOCUMENTATION_COMMENTS = YES;
				CLANG_WARN_EMPTY_BODY = YES;
				CLANG_WARN_ENUM_CONVERSION = YES;
				CLANG_WARN_INFINITE_RECURSION = YES;
				CLANG_WARN_INT_CONVERSION = YES;
				CLANG_WARN_OBJC_ROOT_CLASS = YES_ERROR;
				CLANG_WARN_SUSPICIOUS_MOVE = YES;
				CLANG_WARN_UNREACHABLE_CODE = YES;
				CLANG_WARN__DUPLICATE_METHOD_MATCH = YES;
				"CODE_SIGN_IDENTITY[sdk=iphoneos*]" = "iPhone Developer";
				COPY_PHASE_STRIP = NO;
				DEBUG_INFORMATION_FORMAT = dwarf;
				ENABLE_STRICT_OBJC_MSGSEND = YES;
				ENABLE_TESTABILITY = YES;
				GCC_C_LANGUAGE_STANDARD = gnu99;
				GCC_DYNAMIC_NO_PIC = NO;
				GCC_NO_COMMON_BLOCKS = YES;
				GCC_OPTIMIZATION_LEVEL = 0;
				GCC_PREPROCESSOR_DEFINITIONS = (
					"DEBUG=1",
					"$(inherited)",
				);
				GCC_WARN_64_TO_32_BIT_CONVERSION = YES;
				GCC_WARN_ABOUT_RETURN_TYPE = YES_ERROR;
				GCC_WARN_UNDECLARED_SELECTOR = YES;
				GCC_WARN_UNINITIALIZED_AUTOS = YES_AGGRESSIVE;
				GCC_WARN_UNUSED_FUNCTION = YES;
				GCC_WARN_UNUSED_VARIABLE = YES;
				IPHONEOS_DEPLOYMENT_TARGET = 10.3;
				MTL_ENABLE_DEBUG_INFO = YES;
				ONLY_ACTIVE_ARCH = YES;
				SDKROOT = iphoneos;
				SWIFT_ACTIVE_COMPILATION_CONDITIONS = DEBUG;
				SWIFT_OPTIMIZATION_LEVEL = "-Onone";
				TARGETED_DEVICE_FAMILY = "1,2";
			};
			name = Debug;
		};
		0FCFBA6A1EE0802200498C77 /* Release */ = {
			isa = XCBuildConfiguration;
			buildSettings = {
				ALWAYS_SEARCH_USER_PATHS = NO;
				CLANG_ANALYZER_NONNULL = YES;
				CLANG_ANALYZER_NUMBER_OBJECT_CONVERSION = YES_AGGRESSIVE;
				CLANG_CXX_LANGUAGE_STANDARD = "gnu++0x";
				CLANG_CXX_LIBRARY = "libc++";
				CLANG_ENABLE_MODULES = YES;
				CLANG_ENABLE_OBJC_ARC = YES;
				CLANG_WARN_BOOL_CONVERSION = YES;
				CLANG_WARN_CONSTANT_CONVERSION = YES;
				CLANG_WARN_DIRECT_OBJC_ISA_USAGE = YES_ERROR;
				CLANG_WARN_DOCUMENTATION_COMMENTS = YES;
				CLANG_WARN_EMPTY_BODY = YES;
				CLANG_WARN_ENUM_CONVERSION = YES;
				CLANG_WARN_INFINITE_RECURSION = YES;
				CLANG_WARN_INT_CONVERSION = YES;
				CLANG_WARN_OBJC_ROOT_CLASS = YES_ERROR;
				CLANG_WARN_SUSPICIOUS_MOVE = YES;
				CLANG_WARN_UNREACHABLE_CODE = YES;
				CLANG_WARN__DUPLICATE_METHOD_MATCH = YES;
				"CODE_SIGN_IDENTITY[sdk=iphoneos*]" = "iPhone Developer";
				COPY_PHASE_STRIP = NO;
				DEBUG_INFORMATION_FORMAT = "dwarf-with-dsym";
				ENABLE_NS_ASSERTIONS = NO;
				ENABLE_STRICT_OBJC_MSGSEND = YES;
				GCC_C_LANGUAGE_STANDARD = gnu99;
				GCC_NO_COMMON_BLOCKS = YES;
				GCC_WARN_64_TO_32_BIT_CONVERSION = YES;
				GCC_WARN_ABOUT_RETURN_TYPE = YES_ERROR;
				GCC_WARN_UNDECLARED_SELECTOR = YES;
				GCC_WARN_UNINITIALIZED_AUTOS = YES_AGGRESSIVE;
				GCC_WARN_UNUSED_FUNCTION = YES;
				GCC_WARN_UNUSED_VARIABLE = YES;
				IPHONEOS_DEPLOYMENT_TARGET = 10.3;
				MTL_ENABLE_DEBUG_INFO = NO;
				SDKROOT = iphoneos;
				SWIFT_OPTIMIZATION_LEVEL = "-Owholemodule";
				TARGETED_DEVICE_FAMILY = "1,2";
				VALIDATE_PRODUCT = YES;
			};
			name = Release;
		};
		0FCFBA6C1EE0802200498C77 /* Debug */ = {
			isa = XCBuildConfiguration;
			baseConfigurationReference = DE38D099C946E3A2FBBDEBB0 /* Pods-TravelBucket.debug.xcconfig */;
			buildSettings = {
				ASSETCATALOG_COMPILER_APPICON_NAME = AppIcon;
				DEVELOPMENT_TEAM = XG932QPWS7;
				INFOPLIST_FILE = TravelBucket/Info.plist;
				LD_RUNPATH_SEARCH_PATHS = "$(inherited) @executable_path/Frameworks";
				PRODUCT_BUNDLE_IDENTIFIER = com.ryanphillips.TravelBucket;
				PRODUCT_NAME = "$(TARGET_NAME)";
				SWIFT_VERSION = 3.0;
			};
			name = Debug;
		};
		0FCFBA6D1EE0802200498C77 /* Release */ = {
			isa = XCBuildConfiguration;
			baseConfigurationReference = D86D9A1A97ED038C9DD7EEF7 /* Pods-TravelBucket.release.xcconfig */;
			buildSettings = {
				ASSETCATALOG_COMPILER_APPICON_NAME = AppIcon;
				DEVELOPMENT_TEAM = XG932QPWS7;
				INFOPLIST_FILE = TravelBucket/Info.plist;
				LD_RUNPATH_SEARCH_PATHS = "$(inherited) @executable_path/Frameworks";
				PRODUCT_BUNDLE_IDENTIFIER = com.ryanphillips.TravelBucket;
				PRODUCT_NAME = "$(TARGET_NAME)";
				SWIFT_VERSION = 3.0;
			};
			name = Release;
		};
/* End XCBuildConfiguration section */

/* Begin XCConfigurationList section */
		0FCFBA511EE0802200498C77 /* Build configuration list for PBXProject "TravelBucket" */ = {
			isa = XCConfigurationList;
			buildConfigurations = (
				0FCFBA691EE0802200498C77 /* Debug */,
				0FCFBA6A1EE0802200498C77 /* Release */,
			);
			defaultConfigurationIsVisible = 0;
			defaultConfigurationName = Release;
		};
		0FCFBA6B1EE0802200498C77 /* Build configuration list for PBXNativeTarget "TravelBucket" */ = {
			isa = XCConfigurationList;
			buildConfigurations = (
				0FCFBA6C1EE0802200498C77 /* Debug */,
				0FCFBA6D1EE0802200498C77 /* Release */,
			);
			defaultConfigurationIsVisible = 0;
			defaultConfigurationName = Release;
		};
/* End XCConfigurationList section */

/* Begin XCVersionGroup section */
		0FCFBA601EE0802200498C77 /* TravelBucket.xcdatamodeld */ = {
			isa = XCVersionGroup;
			children = (
				0FCFBA611EE0802200498C77 /* TravelBucket.xcdatamodel */,
			);
			currentVersion = 0FCFBA611EE0802200498C77 /* TravelBucket.xcdatamodel */;
			path = TravelBucket.xcdatamodeld;
			sourceTree = "<group>";
			versionGroupType = wrapper.xcdatamodel;
		};
/* End XCVersionGroup section */
	};
	rootObject = 0FCFBA4E1EE0802200498C77 /* Project object */;
}
